# THIS IS AN AUTOGENERATED FILE. DO NOT EDIT THIS FILE DIRECTLY.
# yarn lockfile v1


dotenv@^8.2.0:
  version "8.2.0"
  resolved "https://registry.yarnpkg.com/dotenv/-/dotenv-8.2.0.tgz#97e619259ada750eea3e4ea3e26bceea5424b16a"
  integrity sha512-8sJ78ElpbDJBHNeBzUbUVLsqKdccaa/BXF1uPTw3GrvQTBgrQrtObr2mUrE38vzYd8cEv+m/JBfDLioYcfXoaw==

esm@^3.2.25:
  version "3.2.25"
  resolved "https://registry.yarnpkg.com/esm/-/esm-3.2.25.tgz#342c18c29d56157688ba5ce31f8431fbb795cc10"
  integrity sha512-U1suiZ2oDVWv4zPO56S0NcR5QriEahGtdN2OR6FiOG4WJvcjBVFB0qI4+eKoWFH483PKGuLuu6V8Z4T5g63UVA==

qs@^6.9.7:
  version "6.9.7"
  resolved "https://registry.yarnpkg.com/qs/-/qs-6.9.7.tgz#4610846871485e1e048f44ae3b94033f0e675afe"
  integrity sha512-IhMFgUmuNpyRfxA90umL7ByLlgRXu6tIfKPpF5TmcfRLlLCckfP/g3IQmju6jjpu+Hh8rA+2p6A27ZSPOOHdKw==

uniqid@^5.2.0:
  version "5.2.0"
  resolved "https://registry.yarnpkg.com/uniqid/-/uniqid-5.2.0.tgz#0d0589a7e9ce07116848126764fbff0b68e74329"
  integrity sha512-LH8zsvwJ/GL6YtNfSOmMCrI9piraAUjBfw2MCvleNE6a4pVKJwXjG2+HWhkVeFcSg+nmaPKbMrMOoxwQluZ1Mg==

ws@^7.2.3:
  version "7.2.3"
  resolved "https://registry.yarnpkg.com/ws/-/ws-7.2.3.tgz#a5411e1fb04d5ed0efee76d26d5c46d830c39b46"
  integrity sha512-HTDl9G9hbkNDk98naoR/cHDws7+EyYMOdL1BmjsZXRUjf7d+MficC4B7HLUPlSiho0vg+CWKrGIt/VJBd1xunQ==
